
Microsoft Visual Studio Solution File, Format Version 12.00
# Visual Studio Version 17
VisualStudioVersion = 17.5.002.0
MinimumVisualStudioVersion = 10.0.40219.1
Project("{2150E333-8FDC-42A3-9474-1A3956D46DE8}") = "src", "src", "{618FC25B-3F2C-40AF-B24B-B4396908BF9B}"
EndProject
Project("{9A19103F-16F7-4668-BE54-9A1E7A4F7556}") = "BlazorApp", "src\BlazorApp\BlazorApp.csproj", "{F236AFD2-E083-40A7-ACBC-17C01C239DD5}"
EndProject
Global
	GlobalSection(SolutionConfigurationPlatforms) = preSolution
		Debug|Any CPU = Debug|Any CPU
		Release|Any CPU = Release|Any CPU
	EndGlobalSection
	GlobalSection(ProjectConfigurationPlatforms) = postSolution
		{F236AFD2-E083-40A7-ACBC-17C01C239DD5}.Debug|Any CPU.ActiveCfg = Debug|Any CPU
		{F236AFD2-E083-40A7-ACBC-17C01C239DD5}.Debug|Any CPU.Build.0 = Debug|Any CPU
		{F236AFD2-E083-40A7-ACBC-17C01C239DD5}.Release|Any CPU.ActiveCfg = Release|Any CPU
		{F236AFD2-E083-40A7-ACBC-17C01C239DD5}.Release|Any CPU.Build.0 = Release|Any CPU
	EndGlobalSection
	GlobalSection(SolutionProperties) = preSolution
		HideSolutionNode = FALSE
	EndGlobalSection
	GlobalSection(NestedProjects) = preSolution
		{F236AFD2-E083-40A7-ACBC-17C01C239DD5} = {618FC25B-3F2C-40AF-B24B-B4396908BF9B}
	EndGlobalSection
	GlobalSection(ExtensibilityGlobals) = postSolution
		SolutionGuid = {62614227-A57C-4755-865A-D489E339CC72}
	EndGlobalSection
EndGlobal
